
Microsoft Visual Studio Solution File, Format Version 12.00
# Visual Studio 15
VisualStudioVersion = 15.0.35026.233
MinimumVisualStudioVersion = 10.0.40219.1
Project("{FAE04EC0-301F-11D3-BF4B-00C04F79EFBC}") = "CapaPresentacion admin", "WebApplication1\CapaPresentacion admin.csproj", "{6DC219FC-C816-4223-82AF-A9D3B9FE5872}"
EndProject
Project("{FAE04EC0-301F-11D3-BF4B-00C04F79EFBC}") = "CapaPresentacion tienda", "capapresentacion tienda\CapaPresentacion tienda.csproj", "{AC1C821C-1961-4A45-8427-212EE196C3F5}"
EndProject
Project("{FAE04EC0-301F-11D3-BF4B-00C04F79EFBC}") = "capanegocio", "capanegocio\capanegocio.csproj", "{03046A93-B850-430D-8AA3-4C876F5CF38B}"
EndProject
Project("{FAE04EC0-301F-11D3-BF4B-00C04F79EFBC}") = "capadatos", "capadatos\capadatos.csproj", "{1C1E8102-2758-4272-8452-0583880E4BA7}"
EndProject
Project("{FAE04EC0-301F-11D3-BF4B-00C04F79EFBC}") = "capaentidad", "capaentidad\capaentidad.csproj", "{8F4C47F9-09A2-43A8-972F-4133D5BAAA96}"
EndProject
Global
	GlobalSection(SolutionConfigurationPlatforms) = preSolution
		Debug|Any CPU = Debug|Any CPU
		Release|Any CPU = Release|Any CPU
	EndGlobalSection
	GlobalSection(ProjectConfigurationPlatforms) = postSolution
		{6DC219FC-C816-4223-82AF-A9D3B9FE5872}.Debug|Any CPU.ActiveCfg = Debug|Any CPU
		{6DC219FC-C816-4223-82AF-A9D3B9FE5872}.Debug|Any CPU.Build.0 = Debug|Any CPU
		{6DC219FC-C816-4223-82AF-A9D3B9FE5872}.Release|Any CPU.ActiveCfg = Release|Any CPU
		{6DC219FC-C816-4223-82AF-A9D3B9FE5872}.Release|Any CPU.Build.0 = Release|Any CPU
		{AC1C821C-1961-4A45-8427-212EE196C3F5}.Debug|Any CPU.ActiveCfg = Debug|Any CPU
		{AC1C821C-1961-4A45-8427-212EE196C3F5}.Debug|Any CPU.Build.0 = Debug|Any CPU
		{AC1C821C-1961-4A45-8427-212EE196C3F5}.Release|Any CPU.ActiveCfg = Release|Any CPU
		{AC1C821C-1961-4A45-8427-212EE196C3F5}.Release|Any CPU.Build.0 = Release|Any CPU
		{03046A93-B850-430D-8AA3-4C876F5CF38B}.Debug|Any CPU.ActiveCfg = Debug|Any CPU
		{03046A93-B850-430D-8AA3-4C876F5CF38B}.Debug|Any CPU.Build.0 = Debug|Any CPU
		{03046A93-B850-430D-8AA3-4C876F5CF38B}.Release|Any CPU.ActiveCfg = Release|Any CPU
		{03046A93-B850-430D-8AA3-4C876F5CF38B}.Release|Any CPU.Build.0 = Release|Any CPU
		{1C1E8102-2758-4272-8452-0583880E4BA7}.Debug|Any CPU.ActiveCfg = Debug|Any CPU
		{1C1E8102-2758-4272-8452-0583880E4BA7}.Debug|Any CPU.Build.0 = Debug|Any CPU
		{1C1E8102-2758-4272-8452-0583880E4BA7}.Release|Any CPU.ActiveCfg = Release|Any CPU
		{1C1E8102-2758-4272-8452-0583880E4BA7}.Release|Any CPU.Build.0 = Release|Any CPU
		{8F4C47F9-09A2-43A8-972F-4133D5BAAA96}.Debug|Any CPU.ActiveCfg = Debug|Any CPU
		{8F4C47F9-09A2-43A8-972F-4133D5BAAA96}.Debug|Any CPU.Build.0 = Debug|Any CPU
		{8F4C47F9-09A2-43A8-972F-4133D5BAAA96}.Release|Any CPU.ActiveCfg = Release|Any CPU
		{8F4C47F9-09A2-43A8-972F-4133D5BAAA96}.Release|Any CPU.Build.0 = Release|Any CPU
	EndGlobalSection
	GlobalSection(SolutionProperties) = preSolution
		HideSolutionNode = FALSE
	EndGlobalSection
	GlobalSection(ExtensibilityGlobals) = postSolution
		SolutionGuid = {6C51AC4B-9020-4BCF-AAD2-35B2FECDF1A2}
	EndGlobalSection
EndGlobal
